
Microsoft Visual Studio Solution File, Format Version 12.00
# Visual Studio Version 16
VisualStudioVersion = 16.0.30011.22
MinimumVisualStudioVersion = 10.0.40219.1
Project("{FAE04EC0-301F-11D3-BF4B-00C04F79EFBC}") = "HelloWorldNetCore", "HelloWorldNetCore\HelloWorldNetCore.csproj", "{F8F145F6-11C5-4CE5-83E4-D6B847525B01}"
EndProject
Global
	GlobalSection(SolutionConfigurationPlatforms) = preSolution
		Debug|Any CPU = Debug|Any CPU
		Release|Any CPU = Release|Any CPU
	EndGlobalSection
	GlobalSection(ProjectConfigurationPlatforms) = postSolution
		{F8F145F6-11C5-4CE5-83E4-D6B847525B01}.Debug|Any CPU.ActiveCfg = Debug|Any CPU
		{F8F145F6-11C5-4CE5-83E4-D6B847525B01}.Debug|Any CPU.Build.0 = Debug|Any CPU
		{F8F145F6-11C5-4CE5-83E4-D6B847525B01}.Release|Any CPU.ActiveCfg = Release|Any CPU
		{F8F145F6-11C5-4CE5-83E4-D6B847525B01}.Release|Any CPU.Build.0 = Release|Any CPU
	EndGlobalSection
	GlobalSection(SolutionProperties) = preSolution
		HideSolutionNode = FALSE
	EndGlobalSection
	GlobalSection(ExtensibilityGlobals) = postSolution
		SolutionGuid = {8C6E9A0C-1568-4F5D-9C72-06C09E3AC702}
	EndGlobalSection
EndGlobal
